
Microsoft Visual Studio Solution File, Format Version 12.00
# Visual Studio 2012
Project("{FAE04EC0-301F-11D3-BF4B-00C04F79EFBC}") = "WormsGL", "WormsGL\WormsGL.csproj", "{296AF1C6-EB44-4365-8D46-0C575C07DFBC}"
EndProject
Project("{FAE04EC0-301F-11D3-BF4B-00C04F79EFBC}") = "Glib", "Glib\Glib.csproj", "{35EBEED1-7720-4150-BAA9-E3663F5D2C23}"
EndProject
Global
	GlobalSection(SolutionConfigurationPlatforms) = preSolution
		Debug|Any CPU = Debug|Any CPU
		Release|Any CPU = Release|Any CPU
	EndGlobalSection
	GlobalSection(ProjectConfigurationPlatforms) = postSolution
		{296AF1C6-EB44-4365-8D46-0C575C07DFBC}.Debug|Any CPU.ActiveCfg = Debug|Any CPU
		{296AF1C6-EB44-4365-8D46-0C575C07DFBC}.Debug|Any CPU.Build.0 = Debug|Any CPU
		{296AF1C6-EB44-4365-8D46-0C575C07DFBC}.Release|Any CPU.ActiveCfg = Release|Any CPU
		{296AF1C6-EB44-4365-8D46-0C575C07DFBC}.Release|Any CPU.Build.0 = Release|Any CPU
		{35EBEED1-7720-4150-BAA9-E3663F5D2C23}.Debug|Any CPU.ActiveCfg = Debug|Any CPU
		{35EBEED1-7720-4150-BAA9-E3663F5D2C23}.Debug|Any CPU.Build.0 = Debug|Any CPU
		{35EBEED1-7720-4150-BAA9-E3663F5D2C23}.Release|Any CPU.ActiveCfg = Release|Any CPU
		{35EBEED1-7720-4150-BAA9-E3663F5D2C23}.Release|Any CPU.Build.0 = Release|Any CPU
	EndGlobalSection
	GlobalSection(SolutionProperties) = preSolution
		HideSolutionNode = FALSE
	EndGlobalSection
EndGlobal
